
Microsoft Visual Studio Solution File, Format Version 12.00
# Visual Studio Version 17
VisualStudioVersion = 17.3.32901.215
MinimumVisualStudioVersion = 10.0.40219.1
Project("{FAE04EC0-301F-11D3-BF4B-00C04F79EFBC}") = "T15 Employee", "T15 Employee.csproj", "{97B1D4B8-FA66-4B85-B883-C5F2953F0D9C}"
EndProject
Global
	GlobalSection(SolutionConfigurationPlatforms) = preSolution
		Debug|Any CPU = Debug|Any CPU
		Release|Any CPU = Release|Any CPU
	EndGlobalSection
	GlobalSection(ProjectConfigurationPlatforms) = postSolution
		{97B1D4B8-FA66-4B85-B883-C5F2953F0D9C}.Debug|Any CPU.ActiveCfg = Debug|Any CPU
		{97B1D4B8-FA66-4B85-B883-C5F2953F0D9C}.Debug|Any CPU.Build.0 = Debug|Any CPU
		{97B1D4B8-FA66-4B85-B883-C5F2953F0D9C}.Release|Any CPU.ActiveCfg = Release|Any CPU
		{97B1D4B8-FA66-4B85-B883-C5F2953F0D9C}.Release|Any CPU.Build.0 = Release|Any CPU
	EndGlobalSection
	GlobalSection(SolutionProperties) = preSolution
		HideSolutionNode = FALSE
	EndGlobalSection
	GlobalSection(ExtensibilityGlobals) = postSolution
		SolutionGuid = {80EA0D7F-4F61-4640-A3DB-276C217EE5E9}
	EndGlobalSection
EndGlobal
