
Microsoft Visual Studio Solution File, Format Version 12.00
# Visual Studio Version 17
VisualStudioVersion = 17.3.32901.215
MinimumVisualStudioVersion = 10.0.40219.1
Project("{FAE04EC0-301F-11D3-BF4B-00C04F79EFBC}") = "T19 Collection", "T19 Collection.csproj", "{EEB632EA-7838-40BF-BA45-BD6372C53232}"
EndProject
Global
	GlobalSection(SolutionConfigurationPlatforms) = preSolution
		Debug|Any CPU = Debug|Any CPU
		Release|Any CPU = Release|Any CPU
	EndGlobalSection
	GlobalSection(ProjectConfigurationPlatforms) = postSolution
		{EEB632EA-7838-40BF-BA45-BD6372C53232}.Debug|Any CPU.ActiveCfg = Debug|Any CPU
		{EEB632EA-7838-40BF-BA45-BD6372C53232}.Debug|Any CPU.Build.0 = Debug|Any CPU
		{EEB632EA-7838-40BF-BA45-BD6372C53232}.Release|Any CPU.ActiveCfg = Release|Any CPU
		{EEB632EA-7838-40BF-BA45-BD6372C53232}.Release|Any CPU.Build.0 = Release|Any CPU
	EndGlobalSection
	GlobalSection(SolutionProperties) = preSolution
		HideSolutionNode = FALSE
	EndGlobalSection
	GlobalSection(ExtensibilityGlobals) = postSolution
		SolutionGuid = {44873957-AC3F-426E-A4C9-ED7D0ABCC2A8}
	EndGlobalSection
EndGlobal
