
Microsoft Visual Studio Solution File, Format Version 12.00
# Visual Studio Version 17
VisualStudioVersion = 17.3.32825.248
MinimumVisualStudioVersion = 10.0.40219.1
Project("{FAE04EC0-301F-11D3-BF4B-00C04F79EFBC}") = "T7 Washing Machine", "T7 Washing Machine.csproj", "{464874E2-38DB-4081-9F91-4DB76A3CDA14}"
EndProject
Global
	GlobalSection(SolutionConfigurationPlatforms) = preSolution
		Debug|Any CPU = Debug|Any CPU
		Release|Any CPU = Release|Any CPU
	EndGlobalSection
	GlobalSection(ProjectConfigurationPlatforms) = postSolution
		{464874E2-38DB-4081-9F91-4DB76A3CDA14}.Debug|Any CPU.ActiveCfg = Debug|Any CPU
		{464874E2-38DB-4081-9F91-4DB76A3CDA14}.Debug|Any CPU.Build.0 = Debug|Any CPU
		{464874E2-38DB-4081-9F91-4DB76A3CDA14}.Release|Any CPU.ActiveCfg = Release|Any CPU
		{464874E2-38DB-4081-9F91-4DB76A3CDA14}.Release|Any CPU.Build.0 = Release|Any CPU
	EndGlobalSection
	GlobalSection(SolutionProperties) = preSolution
		HideSolutionNode = FALSE
	EndGlobalSection
	GlobalSection(ExtensibilityGlobals) = postSolution
		SolutionGuid = {BD3C872D-0F22-430F-B615-84AFD4AC3343}
	EndGlobalSection
EndGlobal
