
Microsoft Visual Studio Solution File, Format Version 12.00
# Visual Studio Version 17
VisualStudioVersion = 17.3.32901.215
MinimumVisualStudioVersion = 10.0.40219.1
Project("{FAE04EC0-301F-11D3-BF4B-00C04F79EFBC}") = "T39 Timer", "T39 Timer.csproj", "{EDA42B58-E3CF-4AED-A3BF-4A8E30079C2C}"
EndProject
Global
	GlobalSection(SolutionConfigurationPlatforms) = preSolution
		Debug|Any CPU = Debug|Any CPU
		Release|Any CPU = Release|Any CPU
	EndGlobalSection
	GlobalSection(ProjectConfigurationPlatforms) = postSolution
		{EDA42B58-E3CF-4AED-A3BF-4A8E30079C2C}.Debug|Any CPU.ActiveCfg = Debug|Any CPU
		{EDA42B58-E3CF-4AED-A3BF-4A8E30079C2C}.Debug|Any CPU.Build.0 = Debug|Any CPU
		{EDA42B58-E3CF-4AED-A3BF-4A8E30079C2C}.Release|Any CPU.ActiveCfg = Release|Any CPU
		{EDA42B58-E3CF-4AED-A3BF-4A8E30079C2C}.Release|Any CPU.Build.0 = Release|Any CPU
	EndGlobalSection
	GlobalSection(SolutionProperties) = preSolution
		HideSolutionNode = FALSE
	EndGlobalSection
	GlobalSection(ExtensibilityGlobals) = postSolution
		SolutionGuid = {1D251CDE-57DC-4840-942C-07AD167E1B7C}
	EndGlobalSection
EndGlobal
