
Microsoft Visual Studio Solution File, Format Version 12.00
# Visual Studio Version 17
VisualStudioVersion = 17.3.32901.215
MinimumVisualStudioVersion = 10.0.40219.1
Project("{FAE04EC0-301F-11D3-BF4B-00C04F79EFBC}") = "T25 Vehicle", "T25 Vehicle.csproj", "{CF2473B5-DB54-4576-B300-CA1272C7399A}"
EndProject
Global
	GlobalSection(SolutionConfigurationPlatforms) = preSolution
		Debug|Any CPU = Debug|Any CPU
		Release|Any CPU = Release|Any CPU
	EndGlobalSection
	GlobalSection(ProjectConfigurationPlatforms) = postSolution
		{CF2473B5-DB54-4576-B300-CA1272C7399A}.Debug|Any CPU.ActiveCfg = Debug|Any CPU
		{CF2473B5-DB54-4576-B300-CA1272C7399A}.Debug|Any CPU.Build.0 = Debug|Any CPU
		{CF2473B5-DB54-4576-B300-CA1272C7399A}.Release|Any CPU.ActiveCfg = Release|Any CPU
		{CF2473B5-DB54-4576-B300-CA1272C7399A}.Release|Any CPU.Build.0 = Release|Any CPU
	EndGlobalSection
	GlobalSection(SolutionProperties) = preSolution
		HideSolutionNode = FALSE
	EndGlobalSection
	GlobalSection(ExtensibilityGlobals) = postSolution
		SolutionGuid = {DC485A47-0ADD-4CBF-BCE5-7F6F3C828177}
	EndGlobalSection
EndGlobal
