
Microsoft Visual Studio Solution File, Format Version 12.00
# Visual Studio Version 17
VisualStudioVersion = 17.3.32901.215
MinimumVisualStudioVersion = 10.0.40219.1
Project("{FAE04EC0-301F-11D3-BF4B-00C04F79EFBC}") = "T36 Invoice", "T36 Invoice.csproj", "{599A5544-1003-45B1-A29F-A0533ABA748E}"
EndProject
Global
	GlobalSection(SolutionConfigurationPlatforms) = preSolution
		Debug|Any CPU = Debug|Any CPU
		Release|Any CPU = Release|Any CPU
	EndGlobalSection
	GlobalSection(ProjectConfigurationPlatforms) = postSolution
		{599A5544-1003-45B1-A29F-A0533ABA748E}.Debug|Any CPU.ActiveCfg = Debug|Any CPU
		{599A5544-1003-45B1-A29F-A0533ABA748E}.Debug|Any CPU.Build.0 = Debug|Any CPU
		{599A5544-1003-45B1-A29F-A0533ABA748E}.Release|Any CPU.ActiveCfg = Release|Any CPU
		{599A5544-1003-45B1-A29F-A0533ABA748E}.Release|Any CPU.Build.0 = Release|Any CPU
	EndGlobalSection
	GlobalSection(SolutionProperties) = preSolution
		HideSolutionNode = FALSE
	EndGlobalSection
	GlobalSection(ExtensibilityGlobals) = postSolution
		SolutionGuid = {A3478EDB-077D-4FDE-B432-B1B7A0411785}
	EndGlobalSection
EndGlobal
