
Microsoft Visual Studio Solution File, Format Version 12.00
# Visual Studio Version 17
VisualStudioVersion = 17.3.32825.248
MinimumVisualStudioVersion = 10.0.40219.1
Project("{FAE04EC0-301F-11D3-BF4B-00C04F79EFBC}") = "L01T05", "L01T05.csproj", "{E37F52AC-7790-4985-83A8-D0A09B9D6850}"
EndProject
Global
	GlobalSection(SolutionConfigurationPlatforms) = preSolution
		Debug|Any CPU = Debug|Any CPU
		Release|Any CPU = Release|Any CPU
	EndGlobalSection
	GlobalSection(ProjectConfigurationPlatforms) = postSolution
		{E37F52AC-7790-4985-83A8-D0A09B9D6850}.Debug|Any CPU.ActiveCfg = Debug|Any CPU
		{E37F52AC-7790-4985-83A8-D0A09B9D6850}.Debug|Any CPU.Build.0 = Debug|Any CPU
		{E37F52AC-7790-4985-83A8-D0A09B9D6850}.Release|Any CPU.ActiveCfg = Release|Any CPU
		{E37F52AC-7790-4985-83A8-D0A09B9D6850}.Release|Any CPU.Build.0 = Release|Any CPU
	EndGlobalSection
	GlobalSection(SolutionProperties) = preSolution
		HideSolutionNode = FALSE
	EndGlobalSection
	GlobalSection(ExtensibilityGlobals) = postSolution
		SolutionGuid = {D3435F72-87A9-41A4-9DBE-DB895FC2DA97}
	EndGlobalSection
EndGlobal
