
Microsoft Visual Studio Solution File, Format Version 12.00
# Visual Studio Version 17
VisualStudioVersion = 17.3.32825.248
MinimumVisualStudioVersion = 10.0.40219.1
Project("{FAE04EC0-301F-11D3-BF4B-00C04F79EFBC}") = "LT01T03", "LT01T03.csproj", "{A69726DE-EB0F-48E5-A804-DA913C51529B}"
EndProject
Global
	GlobalSection(SolutionConfigurationPlatforms) = preSolution
		Debug|Any CPU = Debug|Any CPU
		Release|Any CPU = Release|Any CPU
	EndGlobalSection
	GlobalSection(ProjectConfigurationPlatforms) = postSolution
		{A69726DE-EB0F-48E5-A804-DA913C51529B}.Debug|Any CPU.ActiveCfg = Debug|Any CPU
		{A69726DE-EB0F-48E5-A804-DA913C51529B}.Debug|Any CPU.Build.0 = Debug|Any CPU
		{A69726DE-EB0F-48E5-A804-DA913C51529B}.Release|Any CPU.ActiveCfg = Release|Any CPU
		{A69726DE-EB0F-48E5-A804-DA913C51529B}.Release|Any CPU.Build.0 = Release|Any CPU
	EndGlobalSection
	GlobalSection(SolutionProperties) = preSolution
		HideSolutionNode = FALSE
	EndGlobalSection
	GlobalSection(ExtensibilityGlobals) = postSolution
		SolutionGuid = {1D7BFCDE-3B7E-4181-9C1A-2D32E873B0EE}
	EndGlobalSection
EndGlobal
