
Microsoft Visual Studio Solution File, Format Version 12.00
# Visual Studio Version 17
VisualStudioVersion = 17.3.32901.215
MinimumVisualStudioVersion = 10.0.40219.1
Project("{FAE04EC0-301F-11D3-BF4B-00C04F79EFBC}") = "T42 Patterns", "T42 Patterns.csproj", "{822D3378-9F95-4202-BE47-8F792D7909FC}"
EndProject
Global
	GlobalSection(SolutionConfigurationPlatforms) = preSolution
		Debug|Any CPU = Debug|Any CPU
		Release|Any CPU = Release|Any CPU
	EndGlobalSection
	GlobalSection(ProjectConfigurationPlatforms) = postSolution
		{822D3378-9F95-4202-BE47-8F792D7909FC}.Debug|Any CPU.ActiveCfg = Debug|Any CPU
		{822D3378-9F95-4202-BE47-8F792D7909FC}.Debug|Any CPU.Build.0 = Debug|Any CPU
		{822D3378-9F95-4202-BE47-8F792D7909FC}.Release|Any CPU.ActiveCfg = Release|Any CPU
		{822D3378-9F95-4202-BE47-8F792D7909FC}.Release|Any CPU.Build.0 = Release|Any CPU
	EndGlobalSection
	GlobalSection(SolutionProperties) = preSolution
		HideSolutionNode = FALSE
	EndGlobalSection
	GlobalSection(ExtensibilityGlobals) = postSolution
		SolutionGuid = {1EA6745B-9C0B-46E1-8582-ACB5250960E0}
	EndGlobalSection
EndGlobal
