
Microsoft Visual Studio Solution File, Format Version 12.00
# Visual Studio Version 17
VisualStudioVersion = 17.3.32901.215
MinimumVisualStudioVersion = 10.0.40219.1
Project("{FAE04EC0-301F-11D3-BF4B-00C04F79EFBC}") = "T9 Vehicles", "T9 Vehicles.csproj", "{C59B83D1-C8A6-47D3-A3E3-3901CFADD466}"
EndProject
Global
	GlobalSection(SolutionConfigurationPlatforms) = preSolution
		Debug|Any CPU = Debug|Any CPU
		Release|Any CPU = Release|Any CPU
	EndGlobalSection
	GlobalSection(ProjectConfigurationPlatforms) = postSolution
		{C59B83D1-C8A6-47D3-A3E3-3901CFADD466}.Debug|Any CPU.ActiveCfg = Debug|Any CPU
		{C59B83D1-C8A6-47D3-A3E3-3901CFADD466}.Debug|Any CPU.Build.0 = Debug|Any CPU
		{C59B83D1-C8A6-47D3-A3E3-3901CFADD466}.Release|Any CPU.ActiveCfg = Release|Any CPU
		{C59B83D1-C8A6-47D3-A3E3-3901CFADD466}.Release|Any CPU.Build.0 = Release|Any CPU
	EndGlobalSection
	GlobalSection(SolutionProperties) = preSolution
		HideSolutionNode = FALSE
	EndGlobalSection
	GlobalSection(ExtensibilityGlobals) = postSolution
		SolutionGuid = {DC144D31-90FA-4A11-AD22-B9D2BA637C3A}
	EndGlobalSection
EndGlobal
