
Microsoft Visual Studio Solution File, Format Version 12.00
# Visual Studio Version 17
VisualStudioVersion = 17.3.32901.215
MinimumVisualStudioVersion = 10.0.40219.1
Project("{FAE04EC0-301F-11D3-BF4B-00C04F79EFBC}") = "T10 Student", "T10 Student.csproj", "{07B810A8-A5EC-4DCB-8FED-746FE3D954FC}"
EndProject
Global
	GlobalSection(SolutionConfigurationPlatforms) = preSolution
		Debug|Any CPU = Debug|Any CPU
		Release|Any CPU = Release|Any CPU
	EndGlobalSection
	GlobalSection(ProjectConfigurationPlatforms) = postSolution
		{07B810A8-A5EC-4DCB-8FED-746FE3D954FC}.Debug|Any CPU.ActiveCfg = Debug|Any CPU
		{07B810A8-A5EC-4DCB-8FED-746FE3D954FC}.Debug|Any CPU.Build.0 = Debug|Any CPU
		{07B810A8-A5EC-4DCB-8FED-746FE3D954FC}.Release|Any CPU.ActiveCfg = Release|Any CPU
		{07B810A8-A5EC-4DCB-8FED-746FE3D954FC}.Release|Any CPU.Build.0 = Release|Any CPU
	EndGlobalSection
	GlobalSection(SolutionProperties) = preSolution
		HideSolutionNode = FALSE
	EndGlobalSection
	GlobalSection(ExtensibilityGlobals) = postSolution
		SolutionGuid = {716DBCC3-6ACB-4449-877B-3ED30B7FBCFD}
	EndGlobalSection
EndGlobal
