
Microsoft Visual Studio Solution File, Format Version 12.00
# Visual Studio Version 17
VisualStudioVersion = 17.3.32901.215
MinimumVisualStudioVersion = 10.0.40219.1
Project("{FAE04EC0-301F-11D3-BF4B-00C04F79EFBC}") = "T34 Unit test deliveries", "T34 Unit test deliveries.csproj", "{1663FD38-8C01-40A3-81EB-D1BDCDBF796F}"
EndProject
Project("{FAE04EC0-301F-11D3-BF4B-00C04F79EFBC}") = "T34 Unit test deliveriesTests", "..\T34 Unit test deliveriesTests\T34 Unit test deliveriesTests.csproj", "{354A6602-5204-4C98-859D-30B062797F77}"
EndProject
Global
	GlobalSection(SolutionConfigurationPlatforms) = preSolution
		Debug|Any CPU = Debug|Any CPU
		Release|Any CPU = Release|Any CPU
	EndGlobalSection
	GlobalSection(ProjectConfigurationPlatforms) = postSolution
		{1663FD38-8C01-40A3-81EB-D1BDCDBF796F}.Debug|Any CPU.ActiveCfg = Debug|Any CPU
		{1663FD38-8C01-40A3-81EB-D1BDCDBF796F}.Debug|Any CPU.Build.0 = Debug|Any CPU
		{1663FD38-8C01-40A3-81EB-D1BDCDBF796F}.Release|Any CPU.ActiveCfg = Release|Any CPU
		{1663FD38-8C01-40A3-81EB-D1BDCDBF796F}.Release|Any CPU.Build.0 = Release|Any CPU
		{354A6602-5204-4C98-859D-30B062797F77}.Debug|Any CPU.ActiveCfg = Debug|Any CPU
		{354A6602-5204-4C98-859D-30B062797F77}.Debug|Any CPU.Build.0 = Debug|Any CPU
		{354A6602-5204-4C98-859D-30B062797F77}.Release|Any CPU.ActiveCfg = Release|Any CPU
		{354A6602-5204-4C98-859D-30B062797F77}.Release|Any CPU.Build.0 = Release|Any CPU
	EndGlobalSection
	GlobalSection(SolutionProperties) = preSolution
		HideSolutionNode = FALSE
	EndGlobalSection
	GlobalSection(ExtensibilityGlobals) = postSolution
		SolutionGuid = {C1DBB2B0-7737-4BFE-BA3C-75E04ABF172E}
	EndGlobalSection
EndGlobal
